// !$*UTF8*$!
{
	archiveVersion = 1;
	classes = {
	};
	objectVersion = 46;
	objects = {

/* Begin PBXBuildFile section */
		28203ADA1853175900F16A30 /* minus_dn.png in Resources */ = {isa = PBXBuildFile; fileRef = 28203AD91853175900F16A30 /* minus_dn.png */; };
		2821DE39186E0B000059CDF6 /* FSA.xcdatamodeld in Sources */ = {isa = PBXBuildFile; fileRef = 2821DE37186E0B000059CDF6 /* FSA.xcdatamodeld */; };
		28270E101871199100809047 /* Team+Category.m in Sources */ = {isa = PBXBuildFile; fileRef = 28270E0F1871199100809047 /* Team+Category.m */; };
		28270E141871247D00809047 /* Match+Category.m in Sources */ = {isa = PBXBuildFile; fileRef = 28270E131871247D00809047 /* Match+Category.m */; };
		28270E2018713B0600809047 /* Team.m in Sources */ = {isa = PBXBuildFile; fileRef = 28270E1F18713B0600809047 /* Team.m */; };
		28270E2318713B0700809047 /* Match.m in Sources */ = {isa = PBXBuildFile; fileRef = 28270E2218713B0700809047 /* Match.m */; };
		28270E2618713B0700809047 /* Regional.m in Sources */ = {isa = PBXBuildFile; fileRef = 28270E2518713B0700809047 /* Regional.m */; };
		285A1E1C1870E941002AA01C /* Regional+Category.m in Sources */ = {isa = PBXBuildFile; fileRef = 285A1E1B1870E941002AA01C /* Regional+Category.m */; };
		2862D6A81854D4F900DC460F /* Images.xcassets in Resources */ = {isa = PBXBuildFile; fileRef = 2862D6A71854D4F900DC460F /* Images.xcassets */; };
		2862D6AA1854D51300DC460F /* Binoculars60px.png in Resources */ = {isa = PBXBuildFile; fileRef = 2862D6A91854D51300DC460F /* Binoculars60px.png */; };
		28C8C757185BB91F000FAE10 /* MatchCell.m in Sources */ = {isa = PBXBuildFile; fileRef = 28C8C756185BB91F000FAE10 /* MatchCell.m */; };
		28F619E6185319D90098AD44 /* minus_up.png in Resources */ = {isa = PBXBuildFile; fileRef = 28F619E5185319D90098AD44 /* minus_up.png */; };
		28F619E8185319DF0098AD44 /* plus_dn.png in Resources */ = {isa = PBXBuildFile; fileRef = 28F619E7185319DF0098AD44 /* plus_dn.png */; };
		28F619EA185319E40098AD44 /* plus_up.png in Resources */ = {isa = PBXBuildFile; fileRef = 28F619E9185319E40098AD44 /* plus_up.png */; };
		8846FED11826D7D100B37E44 /* Foundation.framework in Frameworks */ = {isa = PBXBuildFile; fileRef = 8846FED01826D7D100B37E44 /* Foundation.framework */; };
		8846FED31826D7D100B37E44 /* CoreGraphics.framework in Frameworks */ = {isa = PBXBuildFile; fileRef = 8846FED21826D7D100B37E44 /* CoreGraphics.framework */; };
		8846FED51826D7D100B37E44 /* UIKit.framework in Frameworks */ = {isa = PBXBuildFile; fileRef = 8846FED41826D7D100B37E44 /* UIKit.framework */; };
		8846FEDB1826D7D100B37E44 /* InfoPlist.strings in Resources */ = {isa = PBXBuildFile; fileRef = 8846FED91826D7D100B37E44 /* InfoPlist.strings */; };
		8846FEDD1826D7D200B37E44 /* main.m in Sources */ = {isa = PBXBuildFile; fileRef = 8846FEDC1826D7D200B37E44 /* main.m */; };
		8846FEE11826D7D200B37E44 /* LocationsAppDelegate.m in Sources */ = {isa = PBXBuildFile; fileRef = 8846FEE01826D7D200B37E44 /* LocationsAppDelegate.m */; };
		8846FEE41826D7D200B37E44 /* Main.storyboard in Resources */ = {isa = PBXBuildFile; fileRef = 8846FEE21826D7D200B37E44 /* Main.storyboard */; };
		8846FEE71826D7D200B37E44 /* Scoring.m in Sources */ = {isa = PBXBuildFile; fileRef = 8846FEE61826D7D200B37E44 /* Scoring.m */; };
		8846FEEA1826D7D200B37E44 /* Sharing.m in Sources */ = {isa = PBXBuildFile; fileRef = 8846FEE91826D7D200B37E44 /* Sharing.m */; };
		8846FEEC1826D7D200B37E44 /* Binoculars30px.png in Resources */ = {isa = PBXBuildFile; fileRef = 8846FEEB1826D7D200B37E44 /* Binoculars30px.png */; };
		8846FEF31826D7D200B37E44 /* XCTest.framework in Frameworks */ = {isa = PBXBuildFile; fileRef = 8846FEF21826D7D200B37E44 /* XCTest.framework */; };
		8846FEF41826D7D200B37E44 /* Foundation.framework in Frameworks */ = {isa = PBXBuildFile; fileRef = 8846FED01826D7D100B37E44 /* Foundation.framework */; };
		8846FEF51826D7D200B37E44 /* UIKit.framework in Frameworks */ = {isa = PBXBuildFile; fileRef = 8846FED41826D7D100B37E44 /* UIKit.framework */; };
		8846FEFD1826D7D200B37E44 /* InfoPlist.strings in Resources */ = {isa = PBXBuildFile; fileRef = 8846FEFB1826D7D200B37E44 /* InfoPlist.strings */; };
		8846FEFF1826D7D200B37E44 /* FIRST_Scouting_AppTests.m in Sources */ = {isa = PBXBuildFile; fileRef = 8846FEFE1826D7D200B37E44 /* FIRST_Scouting_AppTests.m */; };
		8846FF131826DEB900B37E44 /* data.plist in Resources */ = {isa = PBXBuildFile; fileRef = 8846FF121826DEB900B37E44 /* data.plist */; };
		8846FF151826FC6200B37E44 /* MultipeerConnectivity.framework in Frameworks */ = {isa = PBXBuildFile; fileRef = 8846FF141826FC6200B37E44 /* MultipeerConnectivity.framework */; };
		888F0EF81850177F00412022 /* Globals.m in Sources */ = {isa = PBXBuildFile; fileRef = 888F0EF71850177F00412022 /* Globals.m */; };
		88ED27F81829FE58008F3FDF /* Data.m in Sources */ = {isa = PBXBuildFile; fileRef = 88ED27F71829FE58008F3FDF /* Data.m */; };
/* End PBXBuildFile section */

/* Begin PBXContainerItemProxy section */
		8846FEF61826D7D200B37E44 /* PBXContainerItemProxy */ = {
			isa = PBXContainerItemProxy;
			containerPortal = 8846FEC51826D7D100B37E44 /* Project object */;
			proxyType = 1;
			remoteGlobalIDString = 8846FECC1826D7D100B37E44;
			remoteInfo = "FIRST Scouting App";
		};
/* End PBXContainerItemProxy section */

/* Begin PBXFileReference section */
		28203AD91853175900F16A30 /* minus_dn.png */ = {isa = PBXFileReference; lastKnownFileType = image.png; name = minus_dn.png; path = ../../../../../../../Users/louiebertoncin/Downloads/minus_dn.png; sourceTree = "<group>"; };
		2821DE38186E0B000059CDF6 /* FSA.xcdatamodel */ = {isa = PBXFileReference; lastKnownFileType = wrapper.xcdatamodel; path = FSA.xcdatamodel; sourceTree = "<group>"; };
		28270E0E1871199100809047 /* Team+Category.h */ = {isa = PBXFileReference; fileEncoding = 4; lastKnownFileType = sourcecode.c.h; path = "Team+Category.h"; sourceTree = "<group>"; };
		28270E0F1871199100809047 /* Team+Category.m */ = {isa = PBXFileReference; fileEncoding = 4; lastKnownFileType = sourcecode.c.objc; path = "Team+Category.m"; sourceTree = "<group>"; };
		28270E121871247D00809047 /* Match+Category.h */ = {isa = PBXFileReference; fileEncoding = 4; lastKnownFileType = sourcecode.c.h; path = "Match+Category.h"; sourceTree = "<group>"; };
		28270E131871247D00809047 /* Match+Category.m */ = {isa = PBXFileReference; fileEncoding = 4; lastKnownFileType = sourcecode.c.objc; path = "Match+Category.m"; sourceTree = "<group>"; };
		28270E1E18713B0600809047 /* Team.h */ = {isa = PBXFileReference; fileEncoding = 4; lastKnownFileType = sourcecode.c.h; path = Team.h; sourceTree = "<group>"; };
		28270E1F18713B0600809047 /* Team.m */ = {isa = PBXFileReference; fileEncoding = 4; lastKnownFileType = sourcecode.c.objc; path = Team.m; sourceTree = "<group>"; };
		28270E2118713B0700809047 /* Match.h */ = {isa = PBXFileReference; fileEncoding = 4; lastKnownFileType = sourcecode.c.h; path = Match.h; sourceTree = "<group>"; };
		28270E2218713B0700809047 /* Match.m */ = {isa = PBXFileReference; fileEncoding = 4; lastKnownFileType = sourcecode.c.objc; path = Match.m; sourceTree = "<group>"; };
		28270E2418713B0700809047 /* Regional.h */ = {isa = PBXFileReference; fileEncoding = 4; lastKnownFileType = sourcecode.c.h; path = Regional.h; sourceTree = "<group>"; };
		28270E2518713B0700809047 /* Regional.m */ = {isa = PBXFileReference; fileEncoding = 4; lastKnownFileType = sourcecode.c.objc; path = Regional.m; sourceTree = "<group>"; };
		285A1E1A1870E941002AA01C /* Regional+Category.h */ = {isa = PBXFileReference; fileEncoding = 4; lastKnownFileType = sourcecode.c.h; path = "Regional+Category.h"; sourceTree = "<group>"; };
		285A1E1B1870E941002AA01C /* Regional+Category.m */ = {isa = PBXFileReference; fileEncoding = 4; lastKnownFileType = sourcecode.c.objc; path = "Regional+Category.m"; sourceTree = "<group>"; };
		2862D6A71854D4F900DC460F /* Images.xcassets */ = {isa = PBXFileReference; lastKnownFileType = folder.assetcatalog; path = Images.xcassets; sourceTree = "<group>"; };
		2862D6A91854D51300DC460F /* Binoculars60px.png */ = {isa = PBXFileReference; lastKnownFileType = image.png; name = Binoculars60px.png; path = "../../../../../../../Users/louiebertoncin/Desktop/App Pics/Binoculars60px.png"; sourceTree = "<group>"; };
		28C8C755185BB91F000FAE10 /* MatchCell.h */ = {isa = PBXFileReference; fileEncoding = 4; lastKnownFileType = sourcecode.c.h; path = MatchCell.h; sourceTree = "<group>"; };
		28C8C756185BB91F000FAE10 /* MatchCell.m */ = {isa = PBXFileReference; fileEncoding = 4; lastKnownFileType = sourcecode.c.objc; path = MatchCell.m; sourceTree = "<group>"; };
		28F619E5185319D90098AD44 /* minus_up.png */ = {isa = PBXFileReference; lastKnownFileType = image.png; path = minus_up.png; sourceTree = SOURCE_ROOT; };
		28F619E7185319DF0098AD44 /* plus_dn.png */ = {isa = PBXFileReference; lastKnownFileType = image.png; path = plus_dn.png; sourceTree = SOURCE_ROOT; };
		28F619E9185319E40098AD44 /* plus_up.png */ = {isa = PBXFileReference; lastKnownFileType = image.png; path = plus_up.png; sourceTree = SOURCE_ROOT; };
		8846FECD1826D7D100B37E44 /* FIRST Scouting App.app */ = {isa = PBXFileReference; explicitFileType = wrapper.application; includeInIndex = 0; path = "FIRST Scouting App.app"; sourceTree = BUILT_PRODUCTS_DIR; };
		8846FED01826D7D100B37E44 /* Foundation.framework */ = {isa = PBXFileReference; lastKnownFileType = wrapper.framework; name = Foundation.framework; path = System/Library/Frameworks/Foundation.framework; sourceTree = SDKROOT; };
		8846FED21826D7D100B37E44 /* CoreGraphics.framework */ = {isa = PBXFileReference; lastKnownFileType = wrapper.framework; name = CoreGraphics.framework; path = System/Library/Frameworks/CoreGraphics.framework; sourceTree = SDKROOT; };
		8846FED41826D7D100B37E44 /* UIKit.framework */ = {isa = PBXFileReference; lastKnownFileType = wrapper.framework; name = UIKit.framework; path = System/Library/Frameworks/UIKit.framework; sourceTree = SDKROOT; };
		8846FED81826D7D100B37E44 /* FIRST Scouting App-Info.plist */ = {isa = PBXFileReference; lastKnownFileType = text.plist.xml; path = "FIRST Scouting App-Info.plist"; sourceTree = "<group>"; };
		8846FEDA1826D7D100B37E44 /* en */ = {isa = PBXFileReference; lastKnownFileType = text.plist.strings; name = en; path = en.lproj/InfoPlist.strings; sourceTree = "<group>"; };
		8846FEDC1826D7D200B37E44 /* main.m */ = {isa = PBXFileReference; lastKnownFileType = sourcecode.c.objc; path = main.m; sourceTree = "<group>"; };
		8846FEDE1826D7D200B37E44 /* FIRST Scouting App-Prefix.pch */ = {isa = PBXFileReference; lastKnownFileType = sourcecode.c.h; path = "FIRST Scouting App-Prefix.pch"; sourceTree = "<group>"; };
		8846FEDF1826D7D200B37E44 /* LocationsAppDelegate.h */ = {isa = PBXFileReference; lastKnownFileType = sourcecode.c.h; path = LocationsAppDelegate.h; sourceTree = "<group>"; };
		8846FEE01826D7D200B37E44 /* LocationsAppDelegate.m */ = {isa = PBXFileReference; lastKnownFileType = sourcecode.c.objc; path = LocationsAppDelegate.m; sourceTree = "<group>"; };
		8846FEE31826D7D200B37E44 /* Base */ = {isa = PBXFileReference; lastKnownFileType = file.storyboard; name = Base; path = Base.lproj/Main.storyboard; sourceTree = "<group>"; };
		8846FEE51826D7D200B37E44 /* Scoring.h */ = {isa = PBXFileReference; lastKnownFileType = sourcecode.c.h; path = Scoring.h; sourceTree = "<group>"; };
		8846FEE61826D7D200B37E44 /* Scoring.m */ = {isa = PBXFileReference; lastKnownFileType = sourcecode.c.objc; path = Scoring.m; sourceTree = "<group>"; };
		8846FEE81826D7D200B37E44 /* Sharing.h */ = {isa = PBXFileReference; lastKnownFileType = sourcecode.c.h; path = Sharing.h; sourceTree = "<group>"; };
		8846FEE91826D7D200B37E44 /* Sharing.m */ = {isa = PBXFileReference; lastKnownFileType = sourcecode.c.objc; path = Sharing.m; sourceTree = "<group>"; };
		8846FEEB1826D7D200B37E44 /* Binoculars30px.png */ = {isa = PBXFileReference; lastKnownFileType = image.png; name = Binoculars30px.png; path = "/Users/louiebertoncin/Desktop/App Pics/Binoculars30px.png"; sourceTree = "<absolute>"; };
		8846FEF11826D7D200B37E44 /* FIRST Scouting AppTests.xctest */ = {isa = PBXFileReference; explicitFileType = wrapper.cfbundle; includeInIndex = 0; path = "FIRST Scouting AppTests.xctest"; sourceTree = BUILT_PRODUCTS_DIR; };
		8846FEF21826D7D200B37E44 /* XCTest.framework */ = {isa = PBXFileReference; lastKnownFileType = wrapper.framework; name = XCTest.framework; path = Library/Frameworks/XCTest.framework; sourceTree = DEVELOPER_DIR; };
		8846FEFA1826D7D200B37E44 /* FIRST Scouting AppTests-Info.plist */ = {isa = PBXFileReference; lastKnownFileType = text.plist.xml; path = "FIRST Scouting AppTests-Info.plist"; sourceTree = "<group>"; };
		8846FEFC1826D7D200B37E44 /* en */ = {isa = PBXFileReference; lastKnownFileType = text.plist.strings; name = en; path = en.lproj/InfoPlist.strings; sourceTree = "<group>"; };
		8846FEFE1826D7D200B37E44 /* FIRST_Scouting_AppTests.m */ = {isa = PBXFileReference; lastKnownFileType = sourcecode.c.objc; path = FIRST_Scouting_AppTests.m; sourceTree = "<group>"; };
		8846FF081826D80F00B37E44 /* GameKit.framework */ = {isa = PBXFileReference; lastKnownFileType = wrapper.framework; name = GameKit.framework; path = System/Library/Frameworks/GameKit.framework; sourceTree = SDKROOT; };
		8846FF121826DEB900B37E44 /* data.plist */ = {isa = PBXFileReference; fileEncoding = 4; lastKnownFileType = text.plist.xml; path = data.plist; sourceTree = "<group>"; };
		8846FF141826FC6200B37E44 /* MultipeerConnectivity.framework */ = {isa = PBXFileReference; lastKnownFileType = wrapper.framework; name = MultipeerConnectivity.framework; path = System/Library/Frameworks/MultipeerConnectivity.framework; sourceTree = SDKROOT; };
		888F0EF61850177F00412022 /* Globals.h */ = {isa = PBXFileReference; fileEncoding = 4; lastKnownFileType = sourcecode.c.h; path = Globals.h; sourceTree = "<group>"; };
		888F0EF71850177F00412022 /* Globals.m */ = {isa = PBXFileReference; fileEncoding = 4; lastKnownFileType = sourcecode.c.objc; path = Globals.m; sourceTree = "<group>"; };
		88ED27F61829FE58008F3FDF /* Data.h */ = {isa = PBXFileReference; fileEncoding = 4; lastKnownFileType = sourcecode.c.h; path = Data.h; sourceTree = "<group>"; };
		88ED27F71829FE58008F3FDF /* Data.m */ = {isa = PBXFileReference; fileEncoding = 4; lastKnownFileType = sourcecode.c.objc; path = Data.m; sourceTree = "<group>"; };
/* End PBXFileReference section */

/* Begin PBXFrameworksBuildPhase section */
		8846FECA1826D7D100B37E44 /* Frameworks */ = {
			isa = PBXFrameworksBuildPhase;
			buildActionMask = 2147483647;
			files = (
				8846FF151826FC6200B37E44 /* MultipeerConnectivity.framework in Frameworks */,
				8846FED31826D7D100B37E44 /* CoreGraphics.framework in Frameworks */,
				8846FED51826D7D100B37E44 /* UIKit.framework in Frameworks */,
				8846FED11826D7D100B37E44 /* Foundation.framework in Frameworks */,
			);
			runOnlyForDeploymentPostprocessing = 0;
		};
		8846FEEE1826D7D200B37E44 /* Frameworks */ = {
			isa = PBXFrameworksBuildPhase;
			buildActionMask = 2147483647;
			files = (
				8846FEF31826D7D200B37E44 /* XCTest.framework in Frameworks */,
				8846FEF51826D7D200B37E44 /* UIKit.framework in Frameworks */,
				8846FEF41826D7D200B37E44 /* Foundation.framework in Frameworks */,
			);
			runOnlyForDeploymentPostprocessing = 0;
		};
/* End PBXFrameworksBuildPhase section */

/* Begin PBXGroup section */
		2821DE46186E146C0059CDF6 /* DataModel */ = {
			isa = PBXGroup;
			children = (
				2821DE37186E0B000059CDF6 /* FSA.xcdatamodeld */,
				285A1E1D1870E9B1002AA01C /* Regional */,
				28270E0D1871197600809047 /* Team */,
				28270E111871246D00809047 /* Match */,
			);
			name = DataModel;
			sourceTree = "<group>";
		};
		28270E0D1871197600809047 /* Team */ = {
			isa = PBXGroup;
			children = (
				28270E1E18713B0600809047 /* Team.h */,
				28270E1F18713B0600809047 /* Team.m */,
				28270E0E1871199100809047 /* Team+Category.h */,
				28270E0F1871199100809047 /* Team+Category.m */,
			);
			name = Team;
			sourceTree = "<group>";
		};
		28270E111871246D00809047 /* Match */ = {
			isa = PBXGroup;
			children = (
				28270E2118713B0700809047 /* Match.h */,
				28270E2218713B0700809047 /* Match.m */,
				28270E121871247D00809047 /* Match+Category.h */,
				28270E131871247D00809047 /* Match+Category.m */,
			);
			name = Match;
			sourceTree = "<group>";
		};
		285A1E1D1870E9B1002AA01C /* Regional */ = {
			isa = PBXGroup;
			children = (
				28270E2418713B0700809047 /* Regional.h */,
				28270E2518713B0700809047 /* Regional.m */,
				285A1E1A1870E941002AA01C /* Regional+Category.h */,
				285A1E1B1870E941002AA01C /* Regional+Category.m */,
			);
			name = Regional;
			sourceTree = "<group>";
		};
		8846FEC41826D7D100B37E44 = {
			isa = PBXGroup;
			children = (
				2821DE46186E146C0059CDF6 /* DataModel */,
				8846FED61826D7D100B37E44 /* FIRST Scouting App */,
				8846FEF81826D7D200B37E44 /* FIRST Scouting AppTests */,
				8846FECF1826D7D100B37E44 /* Frameworks */,
				8846FECE1826D7D100B37E44 /* Products */,
			);
			sourceTree = "<group>";
		};
		8846FECE1826D7D100B37E44 /* Products */ = {
			isa = PBXGroup;
			children = (
				8846FECD1826D7D100B37E44 /* FIRST Scouting App.app */,
				8846FEF11826D7D200B37E44 /* FIRST Scouting AppTests.xctest */,
			);
			name = Products;
			sourceTree = "<group>";
		};
		8846FECF1826D7D100B37E44 /* Frameworks */ = {
			isa = PBXGroup;
			children = (
				8846FF141826FC6200B37E44 /* MultipeerConnectivity.framework */,
				8846FF081826D80F00B37E44 /* GameKit.framework */,
				8846FED01826D7D100B37E44 /* Foundation.framework */,
				8846FED21826D7D100B37E44 /* CoreGraphics.framework */,
				8846FED41826D7D100B37E44 /* UIKit.framework */,
				8846FEF21826D7D200B37E44 /* XCTest.framework */,
			);
			name = Frameworks;
			sourceTree = "<group>";
		};
		8846FED61826D7D100B37E44 /* FIRST Scouting App */ = {
			isa = PBXGroup;
			children = (
				8846FEE21826D7D200B37E44 /* Main.storyboard */,
				888F0EF61850177F00412022 /* Globals.h */,
				888F0EF71850177F00412022 /* Globals.m */,
				8846FEE51826D7D200B37E44 /* Scoring.h */,
				8846FEE61826D7D200B37E44 /* Scoring.m */,
				8846FEE81826D7D200B37E44 /* Sharing.h */,
				8846FEE91826D7D200B37E44 /* Sharing.m */,
				88ED27F61829FE58008F3FDF /* Data.h */,
				88ED27F71829FE58008F3FDF /* Data.m */,
				2862D6A71854D4F900DC460F /* Images.xcassets */,
				8846FED71826D7D100B37E44 /* Supporting Files */,
			);
			path = "FIRST Scouting App";
			sourceTree = "<group>";
		};
		8846FED71826D7D100B37E44 /* Supporting Files */ = {
			isa = PBXGroup;
			children = (
				28C8C755185BB91F000FAE10 /* MatchCell.h */,
				28C8C756185BB91F000FAE10 /* MatchCell.m */,
				8846FEDF1826D7D200B37E44 /* LocationsAppDelegate.h */,
				8846FEE01826D7D200B37E44 /* LocationsAppDelegate.m */,
				8846FEEB1826D7D200B37E44 /* Binoculars30px.png */,
				2862D6A91854D51300DC460F /* Binoculars60px.png */,
				28203AD91853175900F16A30 /* minus_dn.png */,
				28F619E5185319D90098AD44 /* minus_up.png */,
				28F619E7185319DF0098AD44 /* plus_dn.png */,
				28F619E9185319E40098AD44 /* plus_up.png */,
				8846FED81826D7D100B37E44 /* FIRST Scouting App-Info.plist */,
				8846FED91826D7D100B37E44 /* InfoPlist.strings */,
				8846FEDC1826D7D200B37E44 /* main.m */,
				8846FEDE1826D7D200B37E44 /* FIRST Scouting App-Prefix.pch */,
				8846FF121826DEB900B37E44 /* data.plist */,
			);
			name = "Supporting Files";
			sourceTree = "<group>";
		};
		8846FEF81826D7D200B37E44 /* FIRST Scouting AppTests */ = {
			isa = PBXGroup;
			children = (
				8846FEFE1826D7D200B37E44 /* FIRST_Scouting_AppTests.m */,
				8846FEF91826D7D200B37E44 /* Supporting Files */,
			);
			path = "FIRST Scouting AppTests";
			sourceTree = "<group>";
		};
		8846FEF91826D7D200B37E44 /* Supporting Files */ = {
			isa = PBXGroup;
			children = (
				8846FEFA1826D7D200B37E44 /* FIRST Scouting AppTests-Info.plist */,
				8846FEFB1826D7D200B37E44 /* InfoPlist.strings */,
			);
			name = "Supporting Files";
			sourceTree = "<group>";
		};
/* End PBXGroup section */

/* Begin PBXNativeTarget section */
		8846FECC1826D7D100B37E44 /* FIRST Scouting App */ = {
			isa = PBXNativeTarget;
			buildConfigurationList = 8846FF021826D7D200B37E44 /* Build configuration list for PBXNativeTarget "FIRST Scouting App" */;
			buildPhases = (
				8846FEC91826D7D100B37E44 /* Sources */,
				8846FECA1826D7D100B37E44 /* Frameworks */,
				8846FECB1826D7D100B37E44 /* Resources */,
			);
			buildRules = (
			);
			dependencies = (
			);
			name = "FIRST Scouting App";
			productName = "FIRST Scouting App";
			productReference = 8846FECD1826D7D100B37E44 /* FIRST Scouting App.app */;
			productType = "com.apple.product-type.application";
		};
		8846FEF01826D7D200B37E44 /* FIRST Scouting AppTests */ = {
			isa = PBXNativeTarget;
			buildConfigurationList = 8846FF051826D7D200B37E44 /* Build configuration list for PBXNativeTarget "FIRST Scouting AppTests" */;
			buildPhases = (
				8846FEED1826D7D200B37E44 /* Sources */,
				8846FEEE1826D7D200B37E44 /* Frameworks */,
				8846FEEF1826D7D200B37E44 /* Resources */,
			);
			buildRules = (
			);
			dependencies = (
				8846FEF71826D7D200B37E44 /* PBXTargetDependency */,
			);
			name = "FIRST Scouting AppTests";
			productName = "FIRST Scouting AppTests";
			productReference = 8846FEF11826D7D200B37E44 /* FIRST Scouting AppTests.xctest */;
			productType = "com.apple.product-type.bundle.unit-test";
		};
/* End PBXNativeTarget section */

/* Begin PBXProject section */
		8846FEC51826D7D100B37E44 /* Project object */ = {
			isa = PBXProject;
			attributes = {
				CLASSPREFIX = Locations;
				LastUpgradeCheck = 0500;
				ORGANIZATIONNAME = teamDriven;
				TargetAttributes = {
					8846FECC1826D7D100B37E44 = {
						DevelopmentTeam = 44423KM89M;
					};
					8846FEF01826D7D200B37E44 = {
						TestTargetID = 8846FECC1826D7D100B37E44;
					};
				};
			};
			buildConfigurationList = 8846FEC81826D7D100B37E44 /* Build configuration list for PBXProject "FIRST Scouting App" */;
			compatibilityVersion = "Xcode 3.2";
			developmentRegion = English;
			hasScannedForEncodings = 0;
			knownRegions = (
				en,
				Base,
			);
			mainGroup = 8846FEC41826D7D100B37E44;
			productRefGroup = 8846FECE1826D7D100B37E44 /* Products */;
			projectDirPath = "";
			projectRoot = "";
			targets = (
				8846FECC1826D7D100B37E44 /* FIRST Scouting App */,
				8846FEF01826D7D200B37E44 /* FIRST Scouting AppTests */,
			);
		};
/* End PBXProject section */

/* Begin PBXResourcesBuildPhase section */
		8846FECB1826D7D100B37E44 /* Resources */ = {
			isa = PBXResourcesBuildPhase;
			buildActionMask = 2147483647;
			files = (
				2862D6A81854D4F900DC460F /* Images.xcassets in Resources */,
				2862D6AA1854D51300DC460F /* Binoculars60px.png in Resources */,
				8846FEEC1826D7D200B37E44 /* Binoculars30px.png in Resources */,
				28F619E8185319DF0098AD44 /* plus_dn.png in Resources */,
				28203ADA1853175900F16A30 /* minus_dn.png in Resources */,
				8846FEDB1826D7D100B37E44 /* InfoPlist.strings in Resources */,
				28F619E6185319D90098AD44 /* minus_up.png in Resources */,
				8846FF131826DEB900B37E44 /* data.plist in Resources */,
				28F619EA185319E40098AD44 /* plus_up.png in Resources */,
				8846FEE41826D7D200B37E44 /* Main.storyboard in Resources */,
			);
			runOnlyForDeploymentPostprocessing = 0;
		};
		8846FEEF1826D7D200B37E44 /* Resources */ = {
			isa = PBXResourcesBuildPhase;
			buildActionMask = 2147483647;
			files = (
				8846FEFD1826D7D200B37E44 /* InfoPlist.strings in Resources */,
			);
			runOnlyForDeploymentPostprocessing = 0;
		};
/* End PBXResourcesBuildPhase section */

/* Begin PBXSourcesBuildPhase section */
		8846FEC91826D7D100B37E44 /* Sources */ = {
			isa = PBXSourcesBuildPhase;
			buildActionMask = 2147483647;
			files = (
				28270E2618713B0700809047 /* Regional.m in Sources */,
				88ED27F81829FE58008F3FDF /* Data.m in Sources */,
				28270E2318713B0700809047 /* Match.m in Sources */,
				8846FEDD1826D7D200B37E44 /* main.m in Sources */,
				2821DE39186E0B000059CDF6 /* FSA.xcdatamodeld in Sources */,
				285A1E1C1870E941002AA01C /* Regional+Category.m in Sources */,
				28270E2018713B0600809047 /* Team.m in Sources */,
				28C8C757185BB91F000FAE10 /* MatchCell.m in Sources */,
				8846FEEA1826D7D200B37E44 /* Sharing.m in Sources */,
				28270E141871247D00809047 /* Match+Category.m in Sources */,
				28270E101871199100809047 /* Team+Category.m in Sources */,
				8846FEE11826D7D200B37E44 /* LocationsAppDelegate.m in Sources */,
				888F0EF81850177F00412022 /* Globals.m in Sources */,
				8846FEE71826D7D200B37E44 /* Scoring.m in Sources */,
			);
			runOnlyForDeploymentPostprocessing = 0;
		};
		8846FEED1826D7D200B37E44 /* Sources */ = {
			isa = PBXSourcesBuildPhase;
			buildActionMask = 2147483647;
			files = (
				8846FEFF1826D7D200B37E44 /* FIRST_Scouting_AppTests.m in Sources */,
			);
			runOnlyForDeploymentPostprocessing = 0;
		};
/* End PBXSourcesBuildPhase section */

/* Begin PBXTargetDependency section */
		8846FEF71826D7D200B37E44 /* PBXTargetDependency */ = {
			isa = PBXTargetDependency;
			target = 8846FECC1826D7D100B37E44 /* FIRST Scouting App */;
			targetProxy = 8846FEF61826D7D200B37E44 /* PBXContainerItemProxy */;
		};
/* End PBXTargetDependency section */

/* Begin PBXVariantGroup section */
		8846FED91826D7D100B37E44 /* InfoPlist.strings */ = {
			isa = PBXVariantGroup;
			children = (
				8846FEDA1826D7D100B37E44 /* en */,
			);
			name = InfoPlist.strings;
			sourceTree = "<group>";
		};
		8846FEE21826D7D200B37E44 /* Main.storyboard */ = {
			isa = PBXVariantGroup;
			children = (
				8846FEE31826D7D200B37E44 /* Base */,
			);
			name = Main.storyboard;
			sourceTree = "<group>";
		};
		8846FEFB1826D7D200B37E44 /* InfoPlist.strings */ = {
			isa = PBXVariantGroup;
			children = (
				8846FEFC1826D7D200B37E44 /* en */,
			);
			name = InfoPlist.strings;
			sourceTree = "<group>";
		};
/* End PBXVariantGroup section */

/* Begin XCBuildConfiguration section */
		8846FF001826D7D200B37E44 /* Debug */ = {
			isa = XCBuildConfiguration;
			buildSettings = {
				ALWAYS_SEARCH_USER_PATHS = NO;
				ARCHS = "$(ARCHS_STANDARD_INCLUDING_64_BIT)";
				CLANG_CXX_LANGUAGE_STANDARD = "gnu++0x";
				CLANG_CXX_LIBRARY = "libc++";
				CLANG_ENABLE_MODULES = YES;
				CLANG_ENABLE_OBJC_ARC = YES;
				CLANG_WARN_BOOL_CONVERSION = YES;
				CLANG_WARN_CONSTANT_CONVERSION = YES;
				CLANG_WARN_DIRECT_OBJC_ISA_USAGE = YES_ERROR;
				CLANG_WARN_EMPTY_BODY = YES;
				CLANG_WARN_ENUM_CONVERSION = YES;
				CLANG_WARN_INT_CONVERSION = YES;
				CLANG_WARN_OBJC_ROOT_CLASS = YES_ERROR;
				CLANG_WARN__DUPLICATE_METHOD_MATCH = YES;
				"CODE_SIGN_IDENTITY[sdk=iphoneos*]" = "iPhone Developer";
				COPY_PHASE_STRIP = NO;
				GCC_C_LANGUAGE_STANDARD = gnu99;
				GCC_DYNAMIC_NO_PIC = NO;
				GCC_OPTIMIZATION_LEVEL = 0;
				GCC_PREPROCESSOR_DEFINITIONS = (
					"DEBUG=1",
					"$(inherited)",
				);
				GCC_SYMBOLS_PRIVATE_EXTERN = NO;
				GCC_WARN_64_TO_32_BIT_CONVERSION = YES;
				GCC_WARN_ABOUT_RETURN_TYPE = YES_ERROR;
				GCC_WARN_UNDECLARED_SELECTOR = YES;
				GCC_WARN_UNINITIALIZED_AUTOS = YES;
				GCC_WARN_UNUSED_FUNCTION = YES;
				GCC_WARN_UNUSED_VARIABLE = YES;
				IPHONEOS_DEPLOYMENT_TARGET = 7.0;
				ONLY_ACTIVE_ARCH = YES;
				SDKROOT = iphoneos;
				TARGETED_DEVICE_FAMILY = 2;
			};
			name = Debug;
		};
		8846FF011826D7D200B37E44 /* Release */ = {
			isa = XCBuildConfiguration;
			buildSettings = {
				ALWAYS_SEARCH_USER_PATHS = NO;
				ARCHS = "$(ARCHS_STANDARD_INCLUDING_64_BIT)";
				CLANG_CXX_LANGUAGE_STANDARD = "gnu++0x";
				CLANG_CXX_LIBRARY = "libc++";
				CLANG_ENABLE_MODULES = YES;
				CLANG_ENABLE_OBJC_ARC = YES;
				CLANG_WARN_BOOL_CONVERSION = YES;
				CLANG_WARN_CONSTANT_CONVERSION = YES;
				CLANG_WARN_DIRECT_OBJC_ISA_USAGE = YES_ERROR;
				CLANG_WARN_EMPTY_BODY = YES;
				CLANG_WARN_ENUM_CONVERSION = YES;
				CLANG_WARN_INT_CONVERSION = YES;
				CLANG_WARN_OBJC_ROOT_CLASS = YES_ERROR;
				CLANG_WARN__DUPLICATE_METHOD_MATCH = YES;
				"CODE_SIGN_IDENTITY[sdk=iphoneos*]" = "iPhone Developer";
				COPY_PHASE_STRIP = YES;
				ENABLE_NS_ASSERTIONS = NO;
				GCC_C_LANGUAGE_STANDARD = gnu99;
				GCC_WARN_64_TO_32_BIT_CONVERSION = YES;
				GCC_WARN_ABOUT_RETURN_TYPE = YES_ERROR;
				GCC_WARN_UNDECLARED_SELECTOR = YES;
				GCC_WARN_UNINITIALIZED_AUTOS = YES;
				GCC_WARN_UNUSED_FUNCTION = YES;
				GCC_WARN_UNUSED_VARIABLE = YES;
				IPHONEOS_DEPLOYMENT_TARGET = 7.0;
				SDKROOT = iphoneos;
				TARGETED_DEVICE_FAMILY = 2;
				VALIDATE_PRODUCT = YES;
			};
			name = Release;
		};
		8846FF031826D7D200B37E44 /* Debug */ = {
			isa = XCBuildConfiguration;
			buildSettings = {
				ASSETCATALOG_COMPILER_APPICON_NAME = AppIcon;
				ASSETCATALOG_COMPILER_LAUNCHIMAGE_NAME = LaunchImage;
				CODE_SIGN_IDENTITY = "iPhone Developer";
				"CODE_SIGN_IDENTITY[sdk=iphoneos*]" = "iPhone Developer";
				GCC_PRECOMPILE_PREFIX_HEADER = YES;
				GCC_PREFIX_HEADER = "FIRST Scouting App/FIRST Scouting App-Prefix.pch";
				INFOPLIST_FILE = "FIRST Scouting App/FIRST Scouting App-Info.plist";
				PRODUCT_NAME = "$(TARGET_NAME)";
				PROVISIONING_PROFILE = "";
				WRAPPER_EXTENSION = app;
			};
			name = Debug;
		};
		8846FF041826D7D200B37E44 /* Release */ = {
			isa = XCBuildConfiguration;
			buildSettings = {
				ASSETCATALOG_COMPILER_APPICON_NAME = AppIcon;
				ASSETCATALOG_COMPILER_LAUNCHIMAGE_NAME = LaunchImage;
				CODE_SIGN_IDENTITY = "iPhone Developer";
				"CODE_SIGN_IDENTITY[sdk=iphoneos*]" = "iPhone Developer";
				GCC_PRECOMPILE_PREFIX_HEADER = YES;
				GCC_PREFIX_HEADER = "FIRST Scouting App/FIRST Scouting App-Prefix.pch";
				INFOPLIST_FILE = "FIRST Scouting App/FIRST Scouting App-Info.plist";
				PRODUCT_NAME = "$(TARGET_NAME)";
				PROVISIONING_PROFILE = "";
				WRAPPER_EXTENSION = app;
			};
			name = Release;
		};
		8846FF061826D7D200B37E44 /* Debug */ = {
			isa = XCBuildConfiguration;
			buildSettings = {
				ARCHS = "$(ARCHS_STANDARD_INCLUDING_64_BIT)";
				BUNDLE_LOADER = "$(BUILT_PRODUCTS_DIR)/FIRST Scouting App.app/FIRST Scouting App";
				FRAMEWORK_SEARCH_PATHS = (
					"$(SDKROOT)/Developer/Library/Frameworks",
					"$(inherited)",
					"$(DEVELOPER_FRAMEWORKS_DIR)",
				);
				GCC_PRECOMPILE_PREFIX_HEADER = YES;
				GCC_PREFIX_HEADER = "FIRST Scouting App/FIRST Scouting App-Prefix.pch";
				GCC_PREPROCESSOR_DEFINITIONS = (
					"DEBUG=1",
					"$(inherited)",
				);
				INFOPLIST_FILE = "FIRST Scouting AppTests/FIRST Scouting AppTests-Info.plist";
				PRODUCT_NAME = "$(TARGET_NAME)";
				TEST_HOST = "$(BUNDLE_LOADER)";
				WRAPPER_EXTENSION = xctest;
			};
			name = Debug;
		};
		8846FF071826D7D200B37E44 /* Release */ = {
			isa = XCBuildConfiguration;
			buildSettings = {
				ARCHS = "$(ARCHS_STANDARD_INCLUDING_64_BIT)";
				BUNDLE_LOADER = "$(BUILT_PRODUCTS_DIR)/FIRST Scouting App.app/FIRST Scouting App";
				FRAMEWORK_SEARCH_PATHS = (
					"$(SDKROOT)/Developer/Library/Frameworks",
					"$(inherited)",
					"$(DEVELOPER_FRAMEWORKS_DIR)",
				);
				GCC_PRECOMPILE_PREFIX_HEADER = YES;
				GCC_PREFIX_HEADER = "FIRST Scouting App/FIRST Scouting App-Prefix.pch";
				INFOPLIST_FILE = "FIRST Scouting AppTests/FIRST Scouting AppTests-Info.plist";
				PRODUCT_NAME = "$(TARGET_NAME)";
				TEST_HOST = "$(BUNDLE_LOADER)";
				WRAPPER_EXTENSION = xctest;
			};
			name = Release;
		};
/* End XCBuildConfiguration section */

/* Begin XCConfigurationList section */
		8846FEC81826D7D100B37E44 /* Build configuration list for PBXProject "FIRST Scouting App" */ = {
			isa = XCConfigurationList;
			buildConfigurations = (
				8846FF001826D7D200B37E44 /* Debug */,
				8846FF011826D7D200B37E44 /* Release */,
			);
			defaultConfigurationIsVisible = 0;
			defaultConfigurationName = Release;
		};
		8846FF021826D7D200B37E44 /* Build configuration list for PBXNativeTarget "FIRST Scouting App" */ = {
			isa = XCConfigurationList;
			buildConfigurations = (
				8846FF031826D7D200B37E44 /* Debug */,
				8846FF041826D7D200B37E44 /* Release */,
			);
			defaultConfigurationIsVisible = 0;
			defaultConfigurationName = Release;
		};
		8846FF051826D7D200B37E44 /* Build configuration list for PBXNativeTarget "FIRST Scouting AppTests" */ = {
			isa = XCConfigurationList;
			buildConfigurations = (
				8846FF061826D7D200B37E44 /* Debug */,
				8846FF071826D7D200B37E44 /* Release */,
			);
			defaultConfigurationIsVisible = 0;
			defaultConfigurationName = Release;
		};
/* End XCConfigurationList section */

/* Begin XCVersionGroup section */
		2821DE37186E0B000059CDF6 /* FSA.xcdatamodeld */ = {
			isa = XCVersionGroup;
			children = (
				2821DE38186E0B000059CDF6 /* FSA.xcdatamodel */,
			);
			currentVersion = 2821DE38186E0B000059CDF6 /* FSA.xcdatamodel */;
			path = FSA.xcdatamodeld;
			sourceTree = "<group>";
			versionGroupType = wrapper.xcdatamodel;
		};
/* End XCVersionGroup section */
	};
	rootObject = 8846FEC51826D7D100B37E44 /* Project object */;
}
